
Microsoft Visual Studio Solution File, Format Version 12.00
# Visual Studio Version 17
VisualStudioVersion = 17.0.31903.59
MinimumVisualStudioVersion = 10.0.40219.1
Project("{FAE04EC0-301F-11D3-BF4B-00C04F79EFBC}") = "task-1", "task-1\task-1.csproj", "{6A8CD7CB-0F6C-4F7B-91A5-6E49CD57B67F}"
EndProject
Project("{FAE04EC0-301F-11D3-BF4B-00C04F79EFBC}") = "task-6", "task-6\task-6.csproj", "{0025640B-CAE1-41E6-B399-268881CFFC60}"
EndProject
Project("{FAE04EC0-301F-11D3-BF4B-00C04F79EFBC}") = "task-7", "task-7\task-7.csproj", "{C350F1A5-F51D-4DDF-9184-26CEC15EA354}"
EndProject
Project("{FAE04EC0-301F-11D3-BF4B-00C04F79EFBC}") = "task-8", "task-8\task-8.csproj", "{75C92EBF-55D6-49DC-80F1-9CF3739778B4}"
EndProject
Project("{FAE04EC0-301F-11D3-BF4B-00C04F79EFBC}") = "Task-9", "Task-9\Task-9.csproj", "{F58AA96F-BC33-44F7-BF9E-A1FEA1C917B3}"
EndProject
Project("{2150E333-8FDC-42A3-9474-1A3956D46DE8}") = "task-10", "task-10", "{E71C1233-3567-E65B-93AA-9E19D62447E6}"
EndProject
Project("{FAE04EC0-301F-11D3-BF4B-00C04F79EFBC}") = "MiniMicroservice", "task-10\MiniMicroservice\MiniMicroservice.csproj", "{BBF107D0-BF86-4B3F-B741-D7F7B0C3F4D2}"
EndProject
Global
	GlobalSection(SolutionConfigurationPlatforms) = preSolution
		Debug|Any CPU = Debug|Any CPU
		Debug|x64 = Debug|x64
		Debug|x86 = Debug|x86
		Release|Any CPU = Release|Any CPU
		Release|x64 = Release|x64
		Release|x86 = Release|x86
	EndGlobalSection
	GlobalSection(ProjectConfigurationPlatforms) = postSolution
		{6A8CD7CB-0F6C-4F7B-91A5-6E49CD57B67F}.Debug|Any CPU.ActiveCfg = Debug|Any CPU
		{6A8CD7CB-0F6C-4F7B-91A5-6E49CD57B67F}.Debug|Any CPU.Build.0 = Debug|Any CPU
		{6A8CD7CB-0F6C-4F7B-91A5-6E49CD57B67F}.Debug|x64.ActiveCfg = Debug|Any CPU
		{6A8CD7CB-0F6C-4F7B-91A5-6E49CD57B67F}.Debug|x64.Build.0 = Debug|Any CPU
		{6A8CD7CB-0F6C-4F7B-91A5-6E49CD57B67F}.Debug|x86.ActiveCfg = Debug|Any CPU
		{6A8CD7CB-0F6C-4F7B-91A5-6E49CD57B67F}.Debug|x86.Build.0 = Debug|Any CPU
		{6A8CD7CB-0F6C-4F7B-91A5-6E49CD57B67F}.Release|Any CPU.ActiveCfg = Release|Any CPU
		{6A8CD7CB-0F6C-4F7B-91A5-6E49CD57B67F}.Release|Any CPU.Build.0 = Release|Any CPU
		{6A8CD7CB-0F6C-4F7B-91A5-6E49CD57B67F}.Release|x64.ActiveCfg = Release|Any CPU
		{6A8CD7CB-0F6C-4F7B-91A5-6E49CD57B67F}.Release|x64.Build.0 = Release|Any CPU
		{6A8CD7CB-0F6C-4F7B-91A5-6E49CD57B67F}.Release|x86.ActiveCfg = Release|Any CPU
		{6A8CD7CB-0F6C-4F7B-91A5-6E49CD57B67F}.Release|x86.Build.0 = Release|Any CPU
		{0025640B-CAE1-41E6-B399-268881CFFC60}.Debug|Any CPU.ActiveCfg = Debug|Any CPU
		{0025640B-CAE1-41E6-B399-268881CFFC60}.Debug|Any CPU.Build.0 = Debug|Any CPU
		{0025640B-CAE1-41E6-B399-268881CFFC60}.Debug|x64.ActiveCfg = Debug|Any CPU
		{0025640B-CAE1-41E6-B399-268881CFFC60}.Debug|x64.Build.0 = Debug|Any CPU
		{0025640B-CAE1-41E6-B399-268881CFFC60}.Debug|x86.ActiveCfg = Debug|Any CPU
		{0025640B-CAE1-41E6-B399-268881CFFC60}.Debug|x86.Build.0 = Debug|Any CPU
		{0025640B-CAE1-41E6-B399-268881CFFC60}.Release|Any CPU.ActiveCfg = Release|Any CPU
		{0025640B-CAE1-41E6-B399-268881CFFC60}.Release|Any CPU.Build.0 = Release|Any CPU
		{0025640B-CAE1-41E6-B399-268881CFFC60}.Release|x64.ActiveCfg = Release|Any CPU
		{0025640B-CAE1-41E6-B399-268881CFFC60}.Release|x64.Build.0 = Release|Any CPU
		{0025640B-CAE1-41E6-B399-268881CFFC60}.Release|x86.ActiveCfg = Release|Any CPU
		{0025640B-CAE1-41E6-B399-268881CFFC60}.Release|x86.Build.0 = Release|Any CPU
		{C350F1A5-F51D-4DDF-9184-26CEC15EA354}.Debug|Any CPU.ActiveCfg = Debug|Any CPU
		{C350F1A5-F51D-4DDF-9184-26CEC15EA354}.Debug|Any CPU.Build.0 = Debug|Any CPU
		{C350F1A5-F51D-4DDF-9184-26CEC15EA354}.Debug|x64.ActiveCfg = Debug|Any CPU
		{C350F1A5-F51D-4DDF-9184-26CEC15EA354}.Debug|x64.Build.0 = Debug|Any CPU
		{C350F1A5-F51D-4DDF-9184-26CEC15EA354}.Debug|x86.ActiveCfg = Debug|Any CPU
		{C350F1A5-F51D-4DDF-9184-26CEC15EA354}.Debug|x86.Build.0 = Debug|Any CPU
		{C350F1A5-F51D-4DDF-9184-26CEC15EA354}.Release|Any CPU.ActiveCfg = Release|Any CPU
		{C350F1A5-F51D-4DDF-9184-26CEC15EA354}.Release|Any CPU.Build.0 = Release|Any CPU
		{C350F1A5-F51D-4DDF-9184-26CEC15EA354}.Release|x64.ActiveCfg = Release|Any CPU
		{C350F1A5-F51D-4DDF-9184-26CEC15EA354}.Release|x64.Build.0 = Release|Any CPU
		{C350F1A5-F51D-4DDF-9184-26CEC15EA354}.Release|x86.ActiveCfg = Release|Any CPU
		{C350F1A5-F51D-4DDF-9184-26CEC15EA354}.Release|x86.Build.0 = Release|Any CPU
		{75C92EBF-55D6-49DC-80F1-9CF3739778B4}.Debug|Any CPU.ActiveCfg = Debug|Any CPU
		{75C92EBF-55D6-49DC-80F1-9CF3739778B4}.Debug|Any CPU.Build.0 = Debug|Any CPU
		{75C92EBF-55D6-49DC-80F1-9CF3739778B4}.Debug|x64.ActiveCfg = Debug|Any CPU
		{75C92EBF-55D6-49DC-80F1-9CF3739778B4}.Debug|x64.Build.0 = Debug|Any CPU
		{75C92EBF-55D6-49DC-80F1-9CF3739778B4}.Debug|x86.ActiveCfg = Debug|Any CPU
		{75C92EBF-55D6-49DC-80F1-9CF3739778B4}.Debug|x86.Build.0 = Debug|Any CPU
		{75C92EBF-55D6-49DC-80F1-9CF3739778B4}.Release|Any CPU.ActiveCfg = Release|Any CPU
		{75C92EBF-55D6-49DC-80F1-9CF3739778B4}.Release|Any CPU.Build.0 = Release|Any CPU
		{75C92EBF-55D6-49DC-80F1-9CF3739778B4}.Release|x64.ActiveCfg = Release|Any CPU
		{75C92EBF-55D6-49DC-80F1-9CF3739778B4}.Release|x64.Build.0 = Release|Any CPU
		{75C92EBF-55D6-49DC-80F1-9CF3739778B4}.Release|x86.ActiveCfg = Release|Any CPU
		{75C92EBF-55D6-49DC-80F1-9CF3739778B4}.Release|x86.Build.0 = Release|Any CPU
		{F58AA96F-BC33-44F7-BF9E-A1FEA1C917B3}.Debug|Any CPU.ActiveCfg = Debug|Any CPU
		{F58AA96F-BC33-44F7-BF9E-A1FEA1C917B3}.Debug|Any CPU.Build.0 = Debug|Any CPU
		{F58AA96F-BC33-44F7-BF9E-A1FEA1C917B3}.Debug|x64.ActiveCfg = Debug|Any CPU
		{F58AA96F-BC33-44F7-BF9E-A1FEA1C917B3}.Debug|x64.Build.0 = Debug|Any CPU
		{F58AA96F-BC33-44F7-BF9E-A1FEA1C917B3}.Debug|x86.ActiveCfg = Debug|Any CPU
		{F58AA96F-BC33-44F7-BF9E-A1FEA1C917B3}.Debug|x86.Build.0 = Debug|Any CPU
		{F58AA96F-BC33-44F7-BF9E-A1FEA1C917B3}.Release|Any CPU.ActiveCfg = Release|Any CPU
		{F58AA96F-BC33-44F7-BF9E-A1FEA1C917B3}.Release|Any CPU.Build.0 = Release|Any CPU
		{F58AA96F-BC33-44F7-BF9E-A1FEA1C917B3}.Release|x64.ActiveCfg = Release|Any CPU
		{F58AA96F-BC33-44F7-BF9E-A1FEA1C917B3}.Release|x64.Build.0 = Release|Any CPU
		{F58AA96F-BC33-44F7-BF9E-A1FEA1C917B3}.Release|x86.ActiveCfg = Release|Any CPU
		{F58AA96F-BC33-44F7-BF9E-A1FEA1C917B3}.Release|x86.Build.0 = Release|Any CPU
		{BBF107D0-BF86-4B3F-B741-D7F7B0C3F4D2}.Debug|Any CPU.ActiveCfg = Debug|Any CPU
		{BBF107D0-BF86-4B3F-B741-D7F7B0C3F4D2}.Debug|Any CPU.Build.0 = Debug|Any CPU
		{BBF107D0-BF86-4B3F-B741-D7F7B0C3F4D2}.Debug|x64.ActiveCfg = Debug|Any CPU
		{BBF107D0-BF86-4B3F-B741-D7F7B0C3F4D2}.Debug|x64.Build.0 = Debug|Any CPU
		{BBF107D0-BF86-4B3F-B741-D7F7B0C3F4D2}.Debug|x86.ActiveCfg = Debug|Any CPU
		{BBF107D0-BF86-4B3F-B741-D7F7B0C3F4D2}.Debug|x86.Build.0 = Debug|Any CPU
		{BBF107D0-BF86-4B3F-B741-D7F7B0C3F4D2}.Release|Any CPU.ActiveCfg = Release|Any CPU
		{BBF107D0-BF86-4B3F-B741-D7F7B0C3F4D2}.Release|Any CPU.Build.0 = Release|Any CPU
		{BBF107D0-BF86-4B3F-B741-D7F7B0C3F4D2}.Release|x64.ActiveCfg = Release|Any CPU
		{BBF107D0-BF86-4B3F-B741-D7F7B0C3F4D2}.Release|x64.Build.0 = Release|Any CPU
		{BBF107D0-BF86-4B3F-B741-D7F7B0C3F4D2}.Release|x86.ActiveCfg = Release|Any CPU
		{BBF107D0-BF86-4B3F-B741-D7F7B0C3F4D2}.Release|x86.Build.0 = Release|Any CPU
	EndGlobalSection
	GlobalSection(SolutionProperties) = preSolution
		HideSolutionNode = FALSE
	EndGlobalSection
	GlobalSection(NestedProjects) = preSolution
		{BBF107D0-BF86-4B3F-B741-D7F7B0C3F4D2} = {E71C1233-3567-E65B-93AA-9E19D62447E6}
	EndGlobalSection
EndGlobal
